
Microsoft Visual Studio Solution File, Format Version 12.00
# Visual Studio Version 17
VisualStudioVersion = 17.8.34322.80
MinimumVisualStudioVersion = 10.0.40219.1
Project("{2150E333-8FDC-42A3-9474-1A3956D46DE8}") = "Tests", "Tests", "{9C3C61FC-3528-4C92-9CB4-50AED6DA2768}"
EndProject
Project("{2150E333-8FDC-42A3-9474-1A3956D46DE8}") = "Server", "Server", "{D1141F0F-AF2D-4ABE-9DC2-1439D7E25396}"
EndProject
Project("{2150E333-8FDC-42A3-9474-1A3956D46DE8}") = "Front", "Front", "{762B1503-1228-4504-ACBC-CE4F26FB8737}"
EndProject
Project("{2150E333-8FDC-42A3-9474-1A3956D46DE8}") = "Audio", "Audio", "{C5067BD5-259C-4541-A3D6-90326FBBD72B}"
EndProject
Project("{2150E333-8FDC-42A3-9474-1A3956D46DE8}") = "Book Studio", "Book Studio", "{A2B3042F-1B4F-4C65-94DE-AF2C6F648DF7}"
EndProject
Project("{2150E333-8FDC-42A3-9474-1A3956D46DE8}") = "Audio", "Audio", "{4C43FF08-C3D2-4DA3-9D52-F54028793F0F}"
EndProject
Project("{2150E333-8FDC-42A3-9474-1A3956D46DE8}") = "Tools", "Tools", "{29A75DA5-245B-477E-93AB-59217E81F2D8}"
EndProject
Project("{FAE04EC0-301F-11D3-BF4B-00C04F79EFBC}") = "AudioBookStudio.Common", "Book Studio\AudioBookStudio.Common\AudioBookStudio.Common.csproj", "{24991DAB-EBAB-4161-9D10-7B7507A7E07B}"
EndProject
Project("{FAE04EC0-301F-11D3-BF4B-00C04F79EFBC}") = "AudioBookStudio.Models", "Book Studio\AudioBookStudio.Models\AudioBookStudio.Models.csproj", "{26D2D7F8-94DE-4DC6-81AC-EFEC918BBE78}"
EndProject
Project("{FAE04EC0-301F-11D3-BF4B-00C04F79EFBC}") = "MatrixBook.Server", "Book Studio\MatrixBook.Server\MatrixBook.Server.csproj", "{A53F0797-D097-4FC3-B485-387533968CE9}"
EndProject
Project("{FAE04EC0-301F-11D3-BF4B-00C04F79EFBC}") = "MatrixBook.Tray", "Book Studio\MatrixBook.Tray\MatrixBook.Tray.csproj", "{20EED28D-3436-4E75-B381-6CD7BC283544}"
EndProject
Project("{FAE04EC0-301F-11D3-BF4B-00C04F79EFBC}") = "AudioBookStudio.Common.Tests", "Book Studio\AudioBookStudio.Common.Tests\AudioBookStudio.Common.Tests.csproj", "{FC1444C0-C665-4808-BE0F-A6F0B4049C5A}"
EndProject
Project("{FAE04EC0-301F-11D3-BF4B-00C04F79EFBC}") = "AudioBookStudio.Models.Tests", "Book Studio\AudioBookStudio.Models.Tests\AudioBookStudio.Models.Tests.csproj", "{622EBBE1-57A6-4085-A66E-A0B43B6AA7FF}"
EndProject
Project("{FAE04EC0-301F-11D3-BF4B-00C04F79EFBC}") = "Matrix.Audio.Common", "Matrix Audio\Matrix.Audio.Common\Matrix.Audio.Common.csproj", "{FDCAF84B-DB2F-49E9-9AD1-644EA1965631}"
EndProject
Project("{FAE04EC0-301F-11D3-BF4B-00C04F79EFBC}") = "Matrix.Audio.Models", "Matrix Audio\Matrix.Audio.Models\Matrix.Audio.Models.csproj", "{FAF65CA4-BD0E-43E4-9FF0-6446339531E8}"
EndProject
Project("{FAE04EC0-301F-11D3-BF4B-00C04F79EFBC}") = "Matrix.Audio.Server", "Matrix Audio\Matrix.Audio.Server\Matrix.Audio.Server.csproj", "{15563161-B512-4DBB-B7CC-B3FD31B68D22}"
EndProject
Project("{54A90642-561A-4BB1-A94E-469ADEE60C69}") = "matrix.audio.client", "Matrix Audio\matrix.audio.client\matrix.audio.client.esproj", "{DAE38F4A-3C46-4116-8C62-AE78CDE9EBE8}"
EndProject
Project("{54A90642-561A-4BB1-A94E-469ADEE60C69}") = "matrix-music-admin", "Matrix Audio\matrix-music-admin\matrix-music-admin.esproj", "{F34B619E-BBE0-43B4-998F-AC083D669657}"
EndProject
Project("{54A90642-561A-4BB1-A94E-469ADEE60C69}") = "matrixbook.client", "Book Studio\matrixbook.client\matrixbook.client.esproj", "{A08542F1-8623-4690-BB56-07A0DEA69D6B}"
EndProject
Project("{FAE04EC0-301F-11D3-BF4B-00C04F79EFBC}") = "AudioBookStudio.Films", "Book Studio\AudioBookStudio.Film\AudioBookStudio.Films.csproj", "{96C40D0C-2245-F866-3915-7096458ADAFA}"
EndProject
Project("{FAE04EC0-301F-11D3-BF4B-00C04F79EFBC}") = "AudioBookStudio.Films.Tests", "Book Studio\AudioBookStudio.Film.Tests\AudioBookStudio.Films.Tests.csproj", "{6CAD7087-BB0A-E8A9-C5B0-B6D9064CB5EE}"
EndProject
Project("{FAE04EC0-301F-11D3-BF4B-00C04F79EFBC}") = "DatabaseTools", "Book Studio\DatabaseTools\DatabaseTools.csproj", "{3C36BA88-6401-CB6C-8707-5C8AC392F260}"
EndProject
Project("{FAE04EC0-301F-11D3-BF4B-00C04F79EFBC}") = "FilmComposer", "Book Studio\FilmComposer\FilmComposer.csproj", "{B794F4CF-7346-12F1-A897-C1CAA4BA5EC2}"
EndProject
Project("{FAE04EC0-301F-11D3-BF4B-00C04F79EFBC}") = "LibrarySync", "Book Studio\LibrarySync\LibrarySync.csproj", "{452E32C7-3CF3-9430-58B5-0C15E8A7FEEC}"
EndProject
Global
	GlobalSection(SolutionConfigurationPlatforms) = preSolution
		Debug|Any CPU = Debug|Any CPU
		Debug|ARM64 = Debug|ARM64
		Debug|x64 = Debug|x64
		Debug|x86 = Debug|x86
		Release|Any CPU = Release|Any CPU
		Release|ARM64 = Release|ARM64
		Release|x64 = Release|x64
		Release|x86 = Release|x86
	EndGlobalSection
	GlobalSection(ProjectConfigurationPlatforms) = postSolution
		{24991DAB-EBAB-4161-9D10-7B7507A7E07B}.Debug|Any CPU.ActiveCfg = Debug|Any CPU
		{24991DAB-EBAB-4161-9D10-7B7507A7E07B}.Debug|Any CPU.Build.0 = Debug|Any CPU
		{24991DAB-EBAB-4161-9D10-7B7507A7E07B}.Debug|ARM64.ActiveCfg = Debug|Any CPU
		{24991DAB-EBAB-4161-9D10-7B7507A7E07B}.Debug|ARM64.Build.0 = Debug|Any CPU
		{24991DAB-EBAB-4161-9D10-7B7507A7E07B}.Debug|x64.ActiveCfg = Debug|Any CPU
		{24991DAB-EBAB-4161-9D10-7B7507A7E07B}.Debug|x64.Build.0 = Debug|Any CPU
		{24991DAB-EBAB-4161-9D10-7B7507A7E07B}.Debug|x86.ActiveCfg = Debug|Any CPU
		{24991DAB-EBAB-4161-9D10-7B7507A7E07B}.Debug|x86.Build.0 = Debug|Any CPU
		{24991DAB-EBAB-4161-9D10-7B7507A7E07B}.Release|Any CPU.ActiveCfg = Release|Any CPU
		{24991DAB-EBAB-4161-9D10-7B7507A7E07B}.Release|Any CPU.Build.0 = Release|Any CPU
		{24991DAB-EBAB-4161-9D10-7B7507A7E07B}.Release|ARM64.ActiveCfg = Release|Any CPU
		{24991DAB-EBAB-4161-9D10-7B7507A7E07B}.Release|ARM64.Build.0 = Release|Any CPU
		{24991DAB-EBAB-4161-9D10-7B7507A7E07B}.Release|x64.ActiveCfg = Release|Any CPU
		{24991DAB-EBAB-4161-9D10-7B7507A7E07B}.Release|x64.Build.0 = Release|Any CPU
		{24991DAB-EBAB-4161-9D10-7B7507A7E07B}.Release|x86.ActiveCfg = Release|Any CPU
		{24991DAB-EBAB-4161-9D10-7B7507A7E07B}.Release|x86.Build.0 = Release|Any CPU
		{26D2D7F8-94DE-4DC6-81AC-EFEC918BBE78}.Debug|Any CPU.ActiveCfg = Debug|Any CPU
		{26D2D7F8-94DE-4DC6-81AC-EFEC918BBE78}.Debug|Any CPU.Build.0 = Debug|Any CPU
		{26D2D7F8-94DE-4DC6-81AC-EFEC918BBE78}.Debug|ARM64.ActiveCfg = Debug|Any CPU
		{26D2D7F8-94DE-4DC6-81AC-EFEC918BBE78}.Debug|ARM64.Build.0 = Debug|Any CPU
		{26D2D7F8-94DE-4DC6-81AC-EFEC918BBE78}.Debug|x64.ActiveCfg = Debug|Any CPU
		{26D2D7F8-94DE-4DC6-81AC-EFEC918BBE78}.Debug|x64.Build.0 = Debug|Any CPU
		{26D2D7F8-94DE-4DC6-81AC-EFEC918BBE78}.Debug|x86.ActiveCfg = Debug|Any CPU
		{26D2D7F8-94DE-4DC6-81AC-EFEC918BBE78}.Debug|x86.Build.0 = Debug|Any CPU
		{26D2D7F8-94DE-4DC6-81AC-EFEC918BBE78}.Release|Any CPU.ActiveCfg = Release|Any CPU
		{26D2D7F8-94DE-4DC6-81AC-EFEC918BBE78}.Release|Any CPU.Build.0 = Release|Any CPU
		{26D2D7F8-94DE-4DC6-81AC-EFEC918BBE78}.Release|ARM64.ActiveCfg = Release|Any CPU
		{26D2D7F8-94DE-4DC6-81AC-EFEC918BBE78}.Release|ARM64.Build.0 = Release|Any CPU
		{26D2D7F8-94DE-4DC6-81AC-EFEC918BBE78}.Release|x64.ActiveCfg = Release|Any CPU
		{26D2D7F8-94DE-4DC6-81AC-EFEC918BBE78}.Release|x64.Build.0 = Release|Any CPU
		{26D2D7F8-94DE-4DC6-81AC-EFEC918BBE78}.Release|x86.ActiveCfg = Release|Any CPU
		{26D2D7F8-94DE-4DC6-81AC-EFEC918BBE78}.Release|x86.Build.0 = Release|Any CPU
		{A53F0797-D097-4FC3-B485-387533968CE9}.Debug|Any CPU.ActiveCfg = Debug|Any CPU
		{A53F0797-D097-4FC3-B485-387533968CE9}.Debug|Any CPU.Build.0 = Debug|Any CPU
		{A53F0797-D097-4FC3-B485-387533968CE9}.Debug|ARM64.ActiveCfg = Debug|Any CPU
		{A53F0797-D097-4FC3-B485-387533968CE9}.Debug|ARM64.Build.0 = Debug|Any CPU
		{A53F0797-D097-4FC3-B485-387533968CE9}.Debug|x64.ActiveCfg = Debug|Any CPU
		{A53F0797-D097-4FC3-B485-387533968CE9}.Debug|x64.Build.0 = Debug|Any CPU
		{A53F0797-D097-4FC3-B485-387533968CE9}.Debug|x86.ActiveCfg = Debug|Any CPU
		{A53F0797-D097-4FC3-B485-387533968CE9}.Debug|x86.Build.0 = Debug|Any CPU
		{A53F0797-D097-4FC3-B485-387533968CE9}.Release|Any CPU.ActiveCfg = Release|Any CPU
		{A53F0797-D097-4FC3-B485-387533968CE9}.Release|Any CPU.Build.0 = Release|Any CPU
		{A53F0797-D097-4FC3-B485-387533968CE9}.Release|ARM64.ActiveCfg = Release|Any CPU
		{A53F0797-D097-4FC3-B485-387533968CE9}.Release|ARM64.Build.0 = Release|Any CPU
		{A53F0797-D097-4FC3-B485-387533968CE9}.Release|x64.ActiveCfg = Release|Any CPU
		{A53F0797-D097-4FC3-B485-387533968CE9}.Release|x64.Build.0 = Release|Any CPU
		{A53F0797-D097-4FC3-B485-387533968CE9}.Release|x86.ActiveCfg = Release|Any CPU
		{A53F0797-D097-4FC3-B485-387533968CE9}.Release|x86.Build.0 = Release|Any CPU
		{20EED28D-3436-4E75-B381-6CD7BC283544}.Debug|Any CPU.ActiveCfg = Debug|Any CPU
		{20EED28D-3436-4E75-B381-6CD7BC283544}.Debug|Any CPU.Build.0 = Debug|Any CPU
		{20EED28D-3436-4E75-B381-6CD7BC283544}.Debug|ARM64.ActiveCfg = Debug|Any CPU
		{20EED28D-3436-4E75-B381-6CD7BC283544}.Debug|ARM64.Build.0 = Debug|Any CPU
		{20EED28D-3436-4E75-B381-6CD7BC283544}.Debug|x64.ActiveCfg = Debug|Any CPU
		{20EED28D-3436-4E75-B381-6CD7BC283544}.Debug|x64.Build.0 = Debug|Any CPU
		{20EED28D-3436-4E75-B381-6CD7BC283544}.Debug|x86.ActiveCfg = Debug|Any CPU
		{20EED28D-3436-4E75-B381-6CD7BC283544}.Debug|x86.Build.0 = Debug|Any CPU
		{20EED28D-3436-4E75-B381-6CD7BC283544}.Release|Any CPU.ActiveCfg = Release|Any CPU
		{20EED28D-3436-4E75-B381-6CD7BC283544}.Release|Any CPU.Build.0 = Release|Any CPU
		{20EED28D-3436-4E75-B381-6CD7BC283544}.Release|ARM64.ActiveCfg = Release|Any CPU
		{20EED28D-3436-4E75-B381-6CD7BC283544}.Release|ARM64.Build.0 = Release|Any CPU
		{20EED28D-3436-4E75-B381-6CD7BC283544}.Release|x64.ActiveCfg = Release|Any CPU
		{20EED28D-3436-4E75-B381-6CD7BC283544}.Release|x64.Build.0 = Release|Any CPU
		{20EED28D-3436-4E75-B381-6CD7BC283544}.Release|x86.ActiveCfg = Release|Any CPU
		{20EED28D-3436-4E75-B381-6CD7BC283544}.Release|x86.Build.0 = Release|Any CPU
		{FC1444C0-C665-4808-BE0F-A6F0B4049C5A}.Debug|Any CPU.ActiveCfg = Debug|Any CPU
		{FC1444C0-C665-4808-BE0F-A6F0B4049C5A}.Debug|Any CPU.Build.0 = Debug|Any CPU
		{FC1444C0-C665-4808-BE0F-A6F0B4049C5A}.Debug|ARM64.ActiveCfg = Debug|Any CPU
		{FC1444C0-C665-4808-BE0F-A6F0B4049C5A}.Debug|ARM64.Build.0 = Debug|Any CPU
		{FC1444C0-C665-4808-BE0F-A6F0B4049C5A}.Debug|x64.ActiveCfg = Debug|Any CPU
		{FC1444C0-C665-4808-BE0F-A6F0B4049C5A}.Debug|x64.Build.0 = Debug|Any CPU
		{FC1444C0-C665-4808-BE0F-A6F0B4049C5A}.Debug|x86.ActiveCfg = Debug|Any CPU
		{FC1444C0-C665-4808-BE0F-A6F0B4049C5A}.Debug|x86.Build.0 = Debug|Any CPU
		{FC1444C0-C665-4808-BE0F-A6F0B4049C5A}.Release|Any CPU.ActiveCfg = Release|Any CPU
		{FC1444C0-C665-4808-BE0F-A6F0B4049C5A}.Release|Any CPU.Build.0 = Release|Any CPU
		{FC1444C0-C665-4808-BE0F-A6F0B4049C5A}.Release|ARM64.ActiveCfg = Release|Any CPU
		{FC1444C0-C665-4808-BE0F-A6F0B4049C5A}.Release|ARM64.Build.0 = Release|Any CPU
		{FC1444C0-C665-4808-BE0F-A6F0B4049C5A}.Release|x64.ActiveCfg = Release|Any CPU
		{FC1444C0-C665-4808-BE0F-A6F0B4049C5A}.Release|x64.Build.0 = Release|Any CPU
		{FC1444C0-C665-4808-BE0F-A6F0B4049C5A}.Release|x86.ActiveCfg = Release|Any CPU
		{FC1444C0-C665-4808-BE0F-A6F0B4049C5A}.Release|x86.Build.0 = Release|Any CPU
		{622EBBE1-57A6-4085-A66E-A0B43B6AA7FF}.Debug|Any CPU.ActiveCfg = Debug|Any CPU
		{622EBBE1-57A6-4085-A66E-A0B43B6AA7FF}.Debug|Any CPU.Build.0 = Debug|Any CPU
		{622EBBE1-57A6-4085-A66E-A0B43B6AA7FF}.Debug|ARM64.ActiveCfg = Debug|Any CPU
		{622EBBE1-57A6-4085-A66E-A0B43B6AA7FF}.Debug|ARM64.Build.0 = Debug|Any CPU
		{622EBBE1-57A6-4085-A66E-A0B43B6AA7FF}.Debug|x64.ActiveCfg = Debug|Any CPU
		{622EBBE1-57A6-4085-A66E-A0B43B6AA7FF}.Debug|x64.Build.0 = Debug|Any CPU
		{622EBBE1-57A6-4085-A66E-A0B43B6AA7FF}.Debug|x86.ActiveCfg = Debug|Any CPU
		{622EBBE1-57A6-4085-A66E-A0B43B6AA7FF}.Debug|x86.Build.0 = Debug|Any CPU
		{622EBBE1-57A6-4085-A66E-A0B43B6AA7FF}.Release|Any CPU.ActiveCfg = Release|Any CPU
		{622EBBE1-57A6-4085-A66E-A0B43B6AA7FF}.Release|Any CPU.Build.0 = Release|Any CPU
		{622EBBE1-57A6-4085-A66E-A0B43B6AA7FF}.Release|ARM64.ActiveCfg = Release|Any CPU
		{622EBBE1-57A6-4085-A66E-A0B43B6AA7FF}.Release|ARM64.Build.0 = Release|Any CPU
		{622EBBE1-57A6-4085-A66E-A0B43B6AA7FF}.Release|x64.ActiveCfg = Release|Any CPU
		{622EBBE1-57A6-4085-A66E-A0B43B6AA7FF}.Release|x64.Build.0 = Release|Any CPU
		{622EBBE1-57A6-4085-A66E-A0B43B6AA7FF}.Release|x86.ActiveCfg = Release|Any CPU
		{622EBBE1-57A6-4085-A66E-A0B43B6AA7FF}.Release|x86.Build.0 = Release|Any CPU
		{FDCAF84B-DB2F-49E9-9AD1-644EA1965631}.Debug|Any CPU.ActiveCfg = Debug|Any CPU
		{FDCAF84B-DB2F-49E9-9AD1-644EA1965631}.Debug|Any CPU.Build.0 = Debug|Any CPU
		{FDCAF84B-DB2F-49E9-9AD1-644EA1965631}.Debug|ARM64.ActiveCfg = Debug|Any CPU
		{FDCAF84B-DB2F-49E9-9AD1-644EA1965631}.Debug|ARM64.Build.0 = Debug|Any CPU
		{FDCAF84B-DB2F-49E9-9AD1-644EA1965631}.Debug|x64.ActiveCfg = Debug|Any CPU
		{FDCAF84B-DB2F-49E9-9AD1-644EA1965631}.Debug|x64.Build.0 = Debug|Any CPU
		{FDCAF84B-DB2F-49E9-9AD1-644EA1965631}.Debug|x86.ActiveCfg = Debug|Any CPU
		{FDCAF84B-DB2F-49E9-9AD1-644EA1965631}.Debug|x86.Build.0 = Debug|Any CPU
		{FDCAF84B-DB2F-49E9-9AD1-644EA1965631}.Release|Any CPU.ActiveCfg = Release|Any CPU
		{FDCAF84B-DB2F-49E9-9AD1-644EA1965631}.Release|Any CPU.Build.0 = Release|Any CPU
		{FDCAF84B-DB2F-49E9-9AD1-644EA1965631}.Release|ARM64.ActiveCfg = Release|Any CPU
		{FDCAF84B-DB2F-49E9-9AD1-644EA1965631}.Release|ARM64.Build.0 = Release|Any CPU
		{FDCAF84B-DB2F-49E9-9AD1-644EA1965631}.Release|x64.ActiveCfg = Release|Any CPU
		{FDCAF84B-DB2F-49E9-9AD1-644EA1965631}.Release|x64.Build.0 = Release|Any CPU
		{FDCAF84B-DB2F-49E9-9AD1-644EA1965631}.Release|x86.ActiveCfg = Release|Any CPU
		{FDCAF84B-DB2F-49E9-9AD1-644EA1965631}.Release|x86.Build.0 = Release|Any CPU
		{FAF65CA4-BD0E-43E4-9FF0-6446339531E8}.Debug|Any CPU.ActiveCfg = Debug|Any CPU
		{FAF65CA4-BD0E-43E4-9FF0-6446339531E8}.Debug|Any CPU.Build.0 = Debug|Any CPU
		{FAF65CA4-BD0E-43E4-9FF0-6446339531E8}.Debug|ARM64.ActiveCfg = Debug|Any CPU
		{FAF65CA4-BD0E-43E4-9FF0-6446339531E8}.Debug|ARM64.Build.0 = Debug|Any CPU
		{FAF65CA4-BD0E-43E4-9FF0-6446339531E8}.Debug|x64.ActiveCfg = Debug|Any CPU
		{FAF65CA4-BD0E-43E4-9FF0-6446339531E8}.Debug|x64.Build.0 = Debug|Any CPU
		{FAF65CA4-BD0E-43E4-9FF0-6446339531E8}.Debug|x86.ActiveCfg = Debug|Any CPU
		{FAF65CA4-BD0E-43E4-9FF0-6446339531E8}.Debug|x86.Build.0 = Debug|Any CPU
		{FAF65CA4-BD0E-43E4-9FF0-6446339531E8}.Release|Any CPU.ActiveCfg = Release|Any CPU
		{FAF65CA4-BD0E-43E4-9FF0-6446339531E8}.Release|Any CPU.Build.0 = Release|Any CPU
		{FAF65CA4-BD0E-43E4-9FF0-6446339531E8}.Release|ARM64.ActiveCfg = Release|Any CPU
		{FAF65CA4-BD0E-43E4-9FF0-6446339531E8}.Release|ARM64.Build.0 = Release|Any CPU
		{FAF65CA4-BD0E-43E4-9FF0-6446339531E8}.Release|x64.ActiveCfg = Release|Any CPU
		{FAF65CA4-BD0E-43E4-9FF0-6446339531E8}.Release|x64.Build.0 = Release|Any CPU
		{FAF65CA4-BD0E-43E4-9FF0-6446339531E8}.Release|x86.ActiveCfg = Release|Any CPU
		{FAF65CA4-BD0E-43E4-9FF0-6446339531E8}.Release|x86.Build.0 = Release|Any CPU
		{15563161-B512-4DBB-B7CC-B3FD31B68D22}.Debug|Any CPU.ActiveCfg = Debug|Any CPU
		{15563161-B512-4DBB-B7CC-B3FD31B68D22}.Debug|Any CPU.Build.0 = Debug|Any CPU
		{15563161-B512-4DBB-B7CC-B3FD31B68D22}.Debug|ARM64.ActiveCfg = Debug|Any CPU
		{15563161-B512-4DBB-B7CC-B3FD31B68D22}.Debug|ARM64.Build.0 = Debug|Any CPU
		{15563161-B512-4DBB-B7CC-B3FD31B68D22}.Debug|x64.ActiveCfg = Debug|Any CPU
		{15563161-B512-4DBB-B7CC-B3FD31B68D22}.Debug|x64.Build.0 = Debug|Any CPU
		{15563161-B512-4DBB-B7CC-B3FD31B68D22}.Debug|x86.ActiveCfg = Debug|Any CPU
		{15563161-B512-4DBB-B7CC-B3FD31B68D22}.Debug|x86.Build.0 = Debug|Any CPU
		{15563161-B512-4DBB-B7CC-B3FD31B68D22}.Release|Any CPU.ActiveCfg = Release|Any CPU
		{15563161-B512-4DBB-B7CC-B3FD31B68D22}.Release|Any CPU.Build.0 = Release|Any CPU
		{15563161-B512-4DBB-B7CC-B3FD31B68D22}.Release|ARM64.ActiveCfg = Release|Any CPU
		{15563161-B512-4DBB-B7CC-B3FD31B68D22}.Release|ARM64.Build.0 = Release|Any CPU
		{15563161-B512-4DBB-B7CC-B3FD31B68D22}.Release|x64.ActiveCfg = Release|Any CPU
		{15563161-B512-4DBB-B7CC-B3FD31B68D22}.Release|x64.Build.0 = Release|Any CPU
		{15563161-B512-4DBB-B7CC-B3FD31B68D22}.Release|x86.ActiveCfg = Release|Any CPU
		{15563161-B512-4DBB-B7CC-B3FD31B68D22}.Release|x86.Build.0 = Release|Any CPU
		{DAE38F4A-3C46-4116-8C62-AE78CDE9EBE8}.Debug|Any CPU.ActiveCfg = Debug|Any CPU
		{DAE38F4A-3C46-4116-8C62-AE78CDE9EBE8}.Debug|Any CPU.Build.0 = Debug|Any CPU
		{DAE38F4A-3C46-4116-8C62-AE78CDE9EBE8}.Debug|Any CPU.Deploy.0 = Debug|Any CPU
		{DAE38F4A-3C46-4116-8C62-AE78CDE9EBE8}.Debug|ARM64.ActiveCfg = Debug|Any CPU
		{DAE38F4A-3C46-4116-8C62-AE78CDE9EBE8}.Debug|ARM64.Build.0 = Debug|Any CPU
		{DAE38F4A-3C46-4116-8C62-AE78CDE9EBE8}.Debug|ARM64.Deploy.0 = Debug|Any CPU
		{DAE38F4A-3C46-4116-8C62-AE78CDE9EBE8}.Debug|x64.ActiveCfg = Debug|Any CPU
		{DAE38F4A-3C46-4116-8C62-AE78CDE9EBE8}.Debug|x64.Build.0 = Debug|Any CPU
		{DAE38F4A-3C46-4116-8C62-AE78CDE9EBE8}.Debug|x64.Deploy.0 = Debug|Any CPU
		{DAE38F4A-3C46-4116-8C62-AE78CDE9EBE8}.Debug|x86.ActiveCfg = Debug|Any CPU
		{DAE38F4A-3C46-4116-8C62-AE78CDE9EBE8}.Debug|x86.Build.0 = Debug|Any CPU
		{DAE38F4A-3C46-4116-8C62-AE78CDE9EBE8}.Debug|x86.Deploy.0 = Debug|Any CPU
		{DAE38F4A-3C46-4116-8C62-AE78CDE9EBE8}.Release|Any CPU.ActiveCfg = Release|Any CPU
		{DAE38F4A-3C46-4116-8C62-AE78CDE9EBE8}.Release|Any CPU.Build.0 = Release|Any CPU
		{DAE38F4A-3C46-4116-8C62-AE78CDE9EBE8}.Release|Any CPU.Deploy.0 = Release|Any CPU
		{DAE38F4A-3C46-4116-8C62-AE78CDE9EBE8}.Release|ARM64.ActiveCfg = Release|Any CPU
		{DAE38F4A-3C46-4116-8C62-AE78CDE9EBE8}.Release|ARM64.Build.0 = Release|Any CPU
		{DAE38F4A-3C46-4116-8C62-AE78CDE9EBE8}.Release|ARM64.Deploy.0 = Release|Any CPU
		{DAE38F4A-3C46-4116-8C62-AE78CDE9EBE8}.Release|x64.ActiveCfg = Release|Any CPU
		{DAE38F4A-3C46-4116-8C62-AE78CDE9EBE8}.Release|x64.Build.0 = Release|Any CPU
		{DAE38F4A-3C46-4116-8C62-AE78CDE9EBE8}.Release|x64.Deploy.0 = Release|Any CPU
		{DAE38F4A-3C46-4116-8C62-AE78CDE9EBE8}.Release|x86.ActiveCfg = Release|Any CPU
		{DAE38F4A-3C46-4116-8C62-AE78CDE9EBE8}.Release|x86.Build.0 = Release|Any CPU
		{DAE38F4A-3C46-4116-8C62-AE78CDE9EBE8}.Release|x86.Deploy.0 = Release|Any CPU
		{F34B619E-BBE0-43B4-998F-AC083D669657}.Debug|Any CPU.ActiveCfg = Debug|Any CPU
		{F34B619E-BBE0-43B4-998F-AC083D669657}.Debug|Any CPU.Build.0 = Debug|Any CPU
		{F34B619E-BBE0-43B4-998F-AC083D669657}.Debug|Any CPU.Deploy.0 = Debug|Any CPU
		{F34B619E-BBE0-43B4-998F-AC083D669657}.Debug|ARM64.ActiveCfg = Debug|Any CPU
		{F34B619E-BBE0-43B4-998F-AC083D669657}.Debug|ARM64.Build.0 = Debug|Any CPU
		{F34B619E-BBE0-43B4-998F-AC083D669657}.Debug|ARM64.Deploy.0 = Debug|Any CPU
		{F34B619E-BBE0-43B4-998F-AC083D669657}.Debug|x64.ActiveCfg = Debug|Any CPU
		{F34B619E-BBE0-43B4-998F-AC083D669657}.Debug|x64.Build.0 = Debug|Any CPU
		{F34B619E-BBE0-43B4-998F-AC083D669657}.Debug|x64.Deploy.0 = Debug|Any CPU
		{F34B619E-BBE0-43B4-998F-AC083D669657}.Debug|x86.ActiveCfg = Debug|Any CPU
		{F34B619E-BBE0-43B4-998F-AC083D669657}.Debug|x86.Build.0 = Debug|Any CPU
		{F34B619E-BBE0-43B4-998F-AC083D669657}.Debug|x86.Deploy.0 = Debug|Any CPU
		{F34B619E-BBE0-43B4-998F-AC083D669657}.Release|Any CPU.ActiveCfg = Release|Any CPU
		{F34B619E-BBE0-43B4-998F-AC083D669657}.Release|Any CPU.Build.0 = Release|Any CPU
		{F34B619E-BBE0-43B4-998F-AC083D669657}.Release|Any CPU.Deploy.0 = Release|Any CPU
		{F34B619E-BBE0-43B4-998F-AC083D669657}.Release|ARM64.ActiveCfg = Release|Any CPU
		{F34B619E-BBE0-43B4-998F-AC083D669657}.Release|ARM64.Build.0 = Release|Any CPU
		{F34B619E-BBE0-43B4-998F-AC083D669657}.Release|ARM64.Deploy.0 = Release|Any CPU
		{F34B619E-BBE0-43B4-998F-AC083D669657}.Release|x64.ActiveCfg = Release|Any CPU
		{F34B619E-BBE0-43B4-998F-AC083D669657}.Release|x64.Build.0 = Release|Any CPU
		{F34B619E-BBE0-43B4-998F-AC083D669657}.Release|x64.Deploy.0 = Release|Any CPU
		{F34B619E-BBE0-43B4-998F-AC083D669657}.Release|x86.ActiveCfg = Release|Any CPU
		{F34B619E-BBE0-43B4-998F-AC083D669657}.Release|x86.Build.0 = Release|Any CPU
		{F34B619E-BBE0-43B4-998F-AC083D669657}.Release|x86.Deploy.0 = Release|Any CPU
		{A08542F1-8623-4690-BB56-07A0DEA69D6B}.Debug|Any CPU.ActiveCfg = Debug|Any CPU
		{A08542F1-8623-4690-BB56-07A0DEA69D6B}.Debug|Any CPU.Build.0 = Debug|Any CPU
		{A08542F1-8623-4690-BB56-07A0DEA69D6B}.Debug|Any CPU.Deploy.0 = Debug|Any CPU
		{A08542F1-8623-4690-BB56-07A0DEA69D6B}.Debug|ARM64.ActiveCfg = Debug|Any CPU
		{A08542F1-8623-4690-BB56-07A0DEA69D6B}.Debug|ARM64.Build.0 = Debug|Any CPU
		{A08542F1-8623-4690-BB56-07A0DEA69D6B}.Debug|ARM64.Deploy.0 = Debug|Any CPU
		{A08542F1-8623-4690-BB56-07A0DEA69D6B}.Debug|x64.ActiveCfg = Debug|Any CPU
		{A08542F1-8623-4690-BB56-07A0DEA69D6B}.Debug|x64.Build.0 = Debug|Any CPU
		{A08542F1-8623-4690-BB56-07A0DEA69D6B}.Debug|x64.Deploy.0 = Debug|Any CPU
		{A08542F1-8623-4690-BB56-07A0DEA69D6B}.Debug|x86.ActiveCfg = Debug|Any CPU
		{A08542F1-8623-4690-BB56-07A0DEA69D6B}.Debug|x86.Build.0 = Debug|Any CPU
		{A08542F1-8623-4690-BB56-07A0DEA69D6B}.Debug|x86.Deploy.0 = Debug|Any CPU
		{A08542F1-8623-4690-BB56-07A0DEA69D6B}.Release|Any CPU.ActiveCfg = Release|Any CPU
		{A08542F1-8623-4690-BB56-07A0DEA69D6B}.Release|Any CPU.Build.0 = Release|Any CPU
		{A08542F1-8623-4690-BB56-07A0DEA69D6B}.Release|Any CPU.Deploy.0 = Release|Any CPU
		{A08542F1-8623-4690-BB56-07A0DEA69D6B}.Release|ARM64.ActiveCfg = Release|Any CPU
		{A08542F1-8623-4690-BB56-07A0DEA69D6B}.Release|ARM64.Build.0 = Release|Any CPU
		{A08542F1-8623-4690-BB56-07A0DEA69D6B}.Release|ARM64.Deploy.0 = Release|Any CPU
		{A08542F1-8623-4690-BB56-07A0DEA69D6B}.Release|x64.ActiveCfg = Release|Any CPU
		{A08542F1-8623-4690-BB56-07A0DEA69D6B}.Release|x64.Build.0 = Release|Any CPU
		{A08542F1-8623-4690-BB56-07A0DEA69D6B}.Release|x64.Deploy.0 = Release|Any CPU
		{A08542F1-8623-4690-BB56-07A0DEA69D6B}.Release|x86.ActiveCfg = Release|Any CPU
		{A08542F1-8623-4690-BB56-07A0DEA69D6B}.Release|x86.Build.0 = Release|Any CPU
		{A08542F1-8623-4690-BB56-07A0DEA69D6B}.Release|x86.Deploy.0 = Release|Any CPU
		{96C40D0C-2245-F866-3915-7096458ADAFA}.Debug|Any CPU.ActiveCfg = Debug|Any CPU
		{96C40D0C-2245-F866-3915-7096458ADAFA}.Debug|Any CPU.Build.0 = Debug|Any CPU
		{96C40D0C-2245-F866-3915-7096458ADAFA}.Debug|ARM64.ActiveCfg = Debug|Any CPU
		{96C40D0C-2245-F866-3915-7096458ADAFA}.Debug|ARM64.Build.0 = Debug|Any CPU
		{96C40D0C-2245-F866-3915-7096458ADAFA}.Debug|x64.ActiveCfg = Debug|Any CPU
		{96C40D0C-2245-F866-3915-7096458ADAFA}.Debug|x64.Build.0 = Debug|Any CPU
		{96C40D0C-2245-F866-3915-7096458ADAFA}.Debug|x86.ActiveCfg = Debug|Any CPU
		{96C40D0C-2245-F866-3915-7096458ADAFA}.Debug|x86.Build.0 = Debug|Any CPU
		{96C40D0C-2245-F866-3915-7096458ADAFA}.Release|Any CPU.ActiveCfg = Release|Any CPU
		{96C40D0C-2245-F866-3915-7096458ADAFA}.Release|Any CPU.Build.0 = Release|Any CPU
		{96C40D0C-2245-F866-3915-7096458ADAFA}.Release|ARM64.ActiveCfg = Release|Any CPU
		{96C40D0C-2245-F866-3915-7096458ADAFA}.Release|ARM64.Build.0 = Release|Any CPU
		{96C40D0C-2245-F866-3915-7096458ADAFA}.Release|x64.ActiveCfg = Release|Any CPU
		{96C40D0C-2245-F866-3915-7096458ADAFA}.Release|x64.Build.0 = Release|Any CPU
		{96C40D0C-2245-F866-3915-7096458ADAFA}.Release|x86.ActiveCfg = Release|Any CPU
		{96C40D0C-2245-F866-3915-7096458ADAFA}.Release|x86.Build.0 = Release|Any CPU
		{6CAD7087-BB0A-E8A9-C5B0-B6D9064CB5EE}.Debug|Any CPU.ActiveCfg = Debug|Any CPU
		{6CAD7087-BB0A-E8A9-C5B0-B6D9064CB5EE}.Debug|Any CPU.Build.0 = Debug|Any CPU
		{6CAD7087-BB0A-E8A9-C5B0-B6D9064CB5EE}.Debug|ARM64.ActiveCfg = Debug|Any CPU
		{6CAD7087-BB0A-E8A9-C5B0-B6D9064CB5EE}.Debug|ARM64.Build.0 = Debug|Any CPU
		{6CAD7087-BB0A-E8A9-C5B0-B6D9064CB5EE}.Debug|x64.ActiveCfg = Debug|Any CPU
		{6CAD7087-BB0A-E8A9-C5B0-B6D9064CB5EE}.Debug|x64.Build.0 = Debug|Any CPU
		{6CAD7087-BB0A-E8A9-C5B0-B6D9064CB5EE}.Debug|x86.ActiveCfg = Debug|Any CPU
		{6CAD7087-BB0A-E8A9-C5B0-B6D9064CB5EE}.Debug|x86.Build.0 = Debug|Any CPU
		{6CAD7087-BB0A-E8A9-C5B0-B6D9064CB5EE}.Release|Any CPU.ActiveCfg = Release|Any CPU
		{6CAD7087-BB0A-E8A9-C5B0-B6D9064CB5EE}.Release|Any CPU.Build.0 = Release|Any CPU
		{6CAD7087-BB0A-E8A9-C5B0-B6D9064CB5EE}.Release|ARM64.ActiveCfg = Release|Any CPU
		{6CAD7087-BB0A-E8A9-C5B0-B6D9064CB5EE}.Release|ARM64.Build.0 = Release|Any CPU
		{6CAD7087-BB0A-E8A9-C5B0-B6D9064CB5EE}.Release|x64.ActiveCfg = Release|Any CPU
		{6CAD7087-BB0A-E8A9-C5B0-B6D9064CB5EE}.Release|x64.Build.0 = Release|Any CPU
		{6CAD7087-BB0A-E8A9-C5B0-B6D9064CB5EE}.Release|x86.ActiveCfg = Release|Any CPU
		{6CAD7087-BB0A-E8A9-C5B0-B6D9064CB5EE}.Release|x86.Build.0 = Release|Any CPU
		{3C36BA88-6401-CB6C-8707-5C8AC392F260}.Debug|Any CPU.ActiveCfg = Debug|Any CPU
		{3C36BA88-6401-CB6C-8707-5C8AC392F260}.Debug|Any CPU.Build.0 = Debug|Any CPU
		{3C36BA88-6401-CB6C-8707-5C8AC392F260}.Debug|ARM64.ActiveCfg = Debug|Any CPU
		{3C36BA88-6401-CB6C-8707-5C8AC392F260}.Debug|ARM64.Build.0 = Debug|Any CPU
		{3C36BA88-6401-CB6C-8707-5C8AC392F260}.Debug|x64.ActiveCfg = Debug|Any CPU
		{3C36BA88-6401-CB6C-8707-5C8AC392F260}.Debug|x64.Build.0 = Debug|Any CPU
		{3C36BA88-6401-CB6C-8707-5C8AC392F260}.Debug|x86.ActiveCfg = Debug|Any CPU
		{3C36BA88-6401-CB6C-8707-5C8AC392F260}.Debug|x86.Build.0 = Debug|Any CPU
		{3C36BA88-6401-CB6C-8707-5C8AC392F260}.Release|Any CPU.ActiveCfg = Release|Any CPU
		{3C36BA88-6401-CB6C-8707-5C8AC392F260}.Release|Any CPU.Build.0 = Release|Any CPU
		{3C36BA88-6401-CB6C-8707-5C8AC392F260}.Release|ARM64.ActiveCfg = Release|Any CPU
		{3C36BA88-6401-CB6C-8707-5C8AC392F260}.Release|ARM64.Build.0 = Release|Any CPU
		{3C36BA88-6401-CB6C-8707-5C8AC392F260}.Release|x64.ActiveCfg = Release|Any CPU
		{3C36BA88-6401-CB6C-8707-5C8AC392F260}.Release|x64.Build.0 = Release|Any CPU
		{3C36BA88-6401-CB6C-8707-5C8AC392F260}.Release|x86.ActiveCfg = Release|Any CPU
		{3C36BA88-6401-CB6C-8707-5C8AC392F260}.Release|x86.Build.0 = Release|Any CPU
		{B794F4CF-7346-12F1-A897-C1CAA4BA5EC2}.Debug|Any CPU.ActiveCfg = Debug|Any CPU
		{B794F4CF-7346-12F1-A897-C1CAA4BA5EC2}.Debug|Any CPU.Build.0 = Debug|Any CPU
		{B794F4CF-7346-12F1-A897-C1CAA4BA5EC2}.Debug|ARM64.ActiveCfg = Debug|Any CPU
		{B794F4CF-7346-12F1-A897-C1CAA4BA5EC2}.Debug|ARM64.Build.0 = Debug|Any CPU
		{B794F4CF-7346-12F1-A897-C1CAA4BA5EC2}.Debug|x64.ActiveCfg = Debug|Any CPU
		{B794F4CF-7346-12F1-A897-C1CAA4BA5EC2}.Debug|x64.Build.0 = Debug|Any CPU
		{B794F4CF-7346-12F1-A897-C1CAA4BA5EC2}.Debug|x86.ActiveCfg = Debug|Any CPU
		{B794F4CF-7346-12F1-A897-C1CAA4BA5EC2}.Debug|x86.Build.0 = Debug|Any CPU
		{B794F4CF-7346-12F1-A897-C1CAA4BA5EC2}.Release|Any CPU.ActiveCfg = Release|Any CPU
		{B794F4CF-7346-12F1-A897-C1CAA4BA5EC2}.Release|Any CPU.Build.0 = Release|Any CPU
		{B794F4CF-7346-12F1-A897-C1CAA4BA5EC2}.Release|ARM64.ActiveCfg = Release|Any CPU
		{B794F4CF-7346-12F1-A897-C1CAA4BA5EC2}.Release|ARM64.Build.0 = Release|Any CPU
		{B794F4CF-7346-12F1-A897-C1CAA4BA5EC2}.Release|x64.ActiveCfg = Release|Any CPU
		{B794F4CF-7346-12F1-A897-C1CAA4BA5EC2}.Release|x64.Build.0 = Release|Any CPU
		{B794F4CF-7346-12F1-A897-C1CAA4BA5EC2}.Release|x86.ActiveCfg = Release|Any CPU
		{B794F4CF-7346-12F1-A897-C1CAA4BA5EC2}.Release|x86.Build.0 = Release|Any CPU
		{452E32C7-3CF3-9430-58B5-0C15E8A7FEEC}.Debug|Any CPU.ActiveCfg = Debug|Any CPU
		{452E32C7-3CF3-9430-58B5-0C15E8A7FEEC}.Debug|Any CPU.Build.0 = Debug|Any CPU
		{452E32C7-3CF3-9430-58B5-0C15E8A7FEEC}.Debug|ARM64.ActiveCfg = Debug|Any CPU
		{452E32C7-3CF3-9430-58B5-0C15E8A7FEEC}.Debug|ARM64.Build.0 = Debug|Any CPU
		{452E32C7-3CF3-9430-58B5-0C15E8A7FEEC}.Debug|x64.ActiveCfg = Debug|Any CPU
		{452E32C7-3CF3-9430-58B5-0C15E8A7FEEC}.Debug|x64.Build.0 = Debug|Any CPU
		{452E32C7-3CF3-9430-58B5-0C15E8A7FEEC}.Debug|x86.ActiveCfg = Debug|Any CPU
		{452E32C7-3CF3-9430-58B5-0C15E8A7FEEC}.Debug|x86.Build.0 = Debug|Any CPU
		{452E32C7-3CF3-9430-58B5-0C15E8A7FEEC}.Release|Any CPU.ActiveCfg = Release|Any CPU
		{452E32C7-3CF3-9430-58B5-0C15E8A7FEEC}.Release|Any CPU.Build.0 = Release|Any CPU
		{452E32C7-3CF3-9430-58B5-0C15E8A7FEEC}.Release|ARM64.ActiveCfg = Release|Any CPU
		{452E32C7-3CF3-9430-58B5-0C15E8A7FEEC}.Release|ARM64.Build.0 = Release|Any CPU
		{452E32C7-3CF3-9430-58B5-0C15E8A7FEEC}.Release|x64.ActiveCfg = Release|Any CPU
		{452E32C7-3CF3-9430-58B5-0C15E8A7FEEC}.Release|x64.Build.0 = Release|Any CPU
		{452E32C7-3CF3-9430-58B5-0C15E8A7FEEC}.Release|x86.ActiveCfg = Release|Any CPU
		{452E32C7-3CF3-9430-58B5-0C15E8A7FEEC}.Release|x86.Build.0 = Release|Any CPU
	EndGlobalSection
	GlobalSection(SolutionProperties) = preSolution
		HideSolutionNode = FALSE
	EndGlobalSection
	GlobalSection(NestedProjects) = preSolution
		{A2B3042F-1B4F-4C65-94DE-AF2C6F648DF7} = {D1141F0F-AF2D-4ABE-9DC2-1439D7E25396}
		{4C43FF08-C3D2-4DA3-9D52-F54028793F0F} = {D1141F0F-AF2D-4ABE-9DC2-1439D7E25396}
		{24991DAB-EBAB-4161-9D10-7B7507A7E07B} = {A2B3042F-1B4F-4C65-94DE-AF2C6F648DF7}
		{26D2D7F8-94DE-4DC6-81AC-EFEC918BBE78} = {A2B3042F-1B4F-4C65-94DE-AF2C6F648DF7}
		{A53F0797-D097-4FC3-B485-387533968CE9} = {A2B3042F-1B4F-4C65-94DE-AF2C6F648DF7}
		{20EED28D-3436-4E75-B381-6CD7BC283544} = {A2B3042F-1B4F-4C65-94DE-AF2C6F648DF7}
		{FC1444C0-C665-4808-BE0F-A6F0B4049C5A} = {9C3C61FC-3528-4C92-9CB4-50AED6DA2768}
		{622EBBE1-57A6-4085-A66E-A0B43B6AA7FF} = {9C3C61FC-3528-4C92-9CB4-50AED6DA2768}
		{FDCAF84B-DB2F-49E9-9AD1-644EA1965631} = {4C43FF08-C3D2-4DA3-9D52-F54028793F0F}
		{FAF65CA4-BD0E-43E4-9FF0-6446339531E8} = {4C43FF08-C3D2-4DA3-9D52-F54028793F0F}
		{15563161-B512-4DBB-B7CC-B3FD31B68D22} = {4C43FF08-C3D2-4DA3-9D52-F54028793F0F}
		{DAE38F4A-3C46-4116-8C62-AE78CDE9EBE8} = {762B1503-1228-4504-ACBC-CE4F26FB8737}
		{F34B619E-BBE0-43B4-998F-AC083D669657} = {762B1503-1228-4504-ACBC-CE4F26FB8737}
		{A08542F1-8623-4690-BB56-07A0DEA69D6B} = {762B1503-1228-4504-ACBC-CE4F26FB8737}
		{96C40D0C-2245-F866-3915-7096458ADAFA} = {A2B3042F-1B4F-4C65-94DE-AF2C6F648DF7}
		{6CAD7087-BB0A-E8A9-C5B0-B6D9064CB5EE} = {9C3C61FC-3528-4C92-9CB4-50AED6DA2768}
		{3C36BA88-6401-CB6C-8707-5C8AC392F260} = {29A75DA5-245B-477E-93AB-59217E81F2D8}
		{B794F4CF-7346-12F1-A897-C1CAA4BA5EC2} = {29A75DA5-245B-477E-93AB-59217E81F2D8}
		{452E32C7-3CF3-9430-58B5-0C15E8A7FEEC} = {29A75DA5-245B-477E-93AB-59217E81F2D8}
	EndGlobalSection
	GlobalSection(ExtensibilityGlobals) = postSolution
		SolutionGuid = {16FDFFF0-3D26-4A20-9FA8-05F22F2E6C54}
	EndGlobalSection
EndGlobal
