Microsoft Visual Studio Solution File, Format Version 12.00
# Visual Studio Version 17
VisualStudioVersion = 17.5.2.0
MinimumVisualStudioVersion = 10.0.40219.1
Project("{2150E333-8FDC-42A3-9474-1A3956D46DE8}") = "Book Studio", "Book Studio", "{56B55643-B6E4-A72D-243E-8B1D5E0D1069}"
EndProject
Project("{2150E333-8FDC-42A3-9474-1A3956D46DE8}") = "Matrix Audio", "Matrix Audio", "{3FC7B3DE-AC79-0C46-74A2-925B1861CE23}"
EndProject
Project("{FAE04EC0-301F-11D3-BF4B-00C04F79EFBC}") = "AudioBookStudio.Common", "Book Studio\AudioBookStudio.Common\AudioBookStudio.Common.csproj", "{D788E9A5-5985-A04D-A335-DAD6AEE8AB1D}"
EndProject
Project("{FAE04EC0-301F-11D3-BF4B-00C04F79EFBC}") = "AudioBookStudio.Common.Tests", "Book Studio\AudioBookStudio.Common.Tests\AudioBookStudio.Common.Tests.csproj", "{50E94649-C0B5-3110-092D-CAA5454B0A11}"
EndProject
Project("{2150E333-8FDC-42A3-9474-1A3956D46DE8}") = "AudioBookStudio.Film", "AudioBookStudio.Film", "{02F5C4C3-98DF-B793-A976-60B1B92984BB}"
EndProject
Project("{FAE04EC0-301F-11D3-BF4B-00C04F79EFBC}") = "AudioBookStudio.Films", "Book Studio\AudioBookStudio.Film\AudioBookStudio.Films.csproj", "{96C40D0C-2245-F866-3915-7096458ADAFA}"
EndProject
Project("{2150E333-8FDC-42A3-9474-1A3956D46DE8}") = "AudioBookStudio.Film.Tests", "AudioBookStudio.Film.Tests", "{096E8AEA-8BA0-B252-A134-E5073666B38A}"
EndProject
Project("{FAE04EC0-301F-11D3-BF4B-00C04F79EFBC}") = "AudioBookStudio.Films.Tests", "Book Studio\AudioBookStudio.Film.Tests\AudioBookStudio.Films.Tests.csproj", "{6CAD7087-BB0A-E8A9-C5B0-B6D9064CB5EE}"
EndProject
Project("{FAE04EC0-301F-11D3-BF4B-00C04F79EFBC}") = "AudioBookStudio.Models", "Book Studio\AudioBookStudio.Models\AudioBookStudio.Models.csproj", "{3134DBD5-267A-C5B7-CA80-10E64E7458F1}"
EndProject
Project("{FAE04EC0-301F-11D3-BF4B-00C04F79EFBC}") = "AudioBookStudio.Models.Tests", "Book Studio\AudioBookStudio.Models.Tests\AudioBookStudio.Models.Tests.csproj", "{B8B90E7C-ABB5-5271-0E3A-744A500E850E}"
EndProject
Project("{FAE04EC0-301F-11D3-BF4B-00C04F79EFBC}") = "DatabaseTools", "Book Studio\DatabaseTools\DatabaseTools.csproj", "{3C36BA88-6401-CB6C-8707-5C8AC392F260}"
EndProject
Project("{FAE04EC0-301F-11D3-BF4B-00C04F79EFBC}") = "FilmComposer", "Book Studio\FilmComposer\FilmComposer.csproj", "{B794F4CF-7346-12F1-A897-C1CAA4BA5EC2}"
EndProject
Project("{FAE04EC0-301F-11D3-BF4B-00C04F79EFBC}") = "LibrarySync", "Book Studio\LibrarySync\LibrarySync.csproj", "{452E32C7-3CF3-9430-58B5-0C15E8A7FEEC}"
EndProject
Project("{FAE04EC0-301F-11D3-BF4B-00C04F79EFBC}") = "MatrixBook.Server", "Book Studio\MatrixBook.Server\MatrixBook.Server.csproj", "{000C6952-745D-0CD6-84A9-11E00E6C685E}"
EndProject
Project("{FAE04EC0-301F-11D3-BF4B-00C04F79EFBC}") = "MatrixBook.Tray", "Book Studio\MatrixBook.Tray\MatrixBook.Tray.csproj", "{60E0FFAE-8AA1-F350-39E3-A0F7D035A76E}"
EndProject
Project("{FAE04EC0-301F-11D3-BF4B-00C04F79EFBC}") = "Matrix.Audio.Common", "Matrix Audio\Matrix.Audio.Common\Matrix.Audio.Common.csproj", "{1B1B30C7-E30E-7361-CD75-F5A365BAE688}"
EndProject
Project("{FAE04EC0-301F-11D3-BF4B-00C04F79EFBC}") = "Matrix.Audio.Models", "Matrix Audio\Matrix.Audio.Models\Matrix.Audio.Models.csproj", "{F4DA1855-D86A-E249-BDF7-ACC666344822}"
EndProject
Project("{FAE04EC0-301F-11D3-BF4B-00C04F79EFBC}") = "Matrix.Audio.Payment.Stripe", "Matrix Audio\Matrix.Audio.Payment.Stripe\Matrix.Audio.Payment.Stripe.csproj", "{43C4D5E5-D061-564B-FEB3-A49FC825D214}"
EndProject
Project("{FAE04EC0-301F-11D3-BF4B-00C04F79EFBC}") = "Matrix.Audio.Server", "Matrix Audio\Matrix.Audio.Server\Matrix.Audio.Server.csproj", "{251A10AD-8310-9856-DA60-C6494002E52A}"
EndProject
Global
	GlobalSection(SolutionConfigurationPlatforms) = preSolution
		Debug|Any CPU = Debug|Any CPU
		Release|Any CPU = Release|Any CPU
	EndGlobalSection
	GlobalSection(ProjectConfigurationPlatforms) = postSolution
		{D788E9A5-5985-A04D-A335-DAD6AEE8AB1D}.Debug|Any CPU.ActiveCfg = Debug|Any CPU
		{D788E9A5-5985-A04D-A335-DAD6AEE8AB1D}.Debug|Any CPU.Build.0 = Debug|Any CPU
		{D788E9A5-5985-A04D-A335-DAD6AEE8AB1D}.Release|Any CPU.ActiveCfg = Release|Any CPU
		{D788E9A5-5985-A04D-A335-DAD6AEE8AB1D}.Release|Any CPU.Build.0 = Release|Any CPU
		{50E94649-C0B5-3110-092D-CAA5454B0A11}.Debug|Any CPU.ActiveCfg = Debug|Any CPU
		{50E94649-C0B5-3110-092D-CAA5454B0A11}.Debug|Any CPU.Build.0 = Debug|Any CPU
		{50E94649-C0B5-3110-092D-CAA5454B0A11}.Release|Any CPU.ActiveCfg = Release|Any CPU
		{50E94649-C0B5-3110-092D-CAA5454B0A11}.Release|Any CPU.Build.0 = Release|Any CPU
		{96C40D0C-2245-F866-3915-7096458ADAFA}.Debug|Any CPU.ActiveCfg = Debug|Any CPU
		{96C40D0C-2245-F866-3915-7096458ADAFA}.Debug|Any CPU.Build.0 = Debug|Any CPU
		{96C40D0C-2245-F866-3915-7096458ADAFA}.Release|Any CPU.ActiveCfg = Release|Any CPU
		{96C40D0C-2245-F866-3915-7096458ADAFA}.Release|Any CPU.Build.0 = Release|Any CPU
		{6CAD7087-BB0A-E8A9-C5B0-B6D9064CB5EE}.Debug|Any CPU.ActiveCfg = Debug|Any CPU
		{6CAD7087-BB0A-E8A9-C5B0-B6D9064CB5EE}.Debug|Any CPU.Build.0 = Debug|Any CPU
		{6CAD7087-BB0A-E8A9-C5B0-B6D9064CB5EE}.Release|Any CPU.ActiveCfg = Release|Any CPU
		{6CAD7087-BB0A-E8A9-C5B0-B6D9064CB5EE}.Release|Any CPU.Build.0 = Release|Any CPU
		{3134DBD5-267A-C5B7-CA80-10E64E7458F1}.Debug|Any CPU.ActiveCfg = Debug|Any CPU
		{3134DBD5-267A-C5B7-CA80-10E64E7458F1}.Debug|Any CPU.Build.0 = Debug|Any CPU
		{3134DBD5-267A-C5B7-CA80-10E64E7458F1}.Release|Any CPU.ActiveCfg = Release|Any CPU
		{3134DBD5-267A-C5B7-CA80-10E64E7458F1}.Release|Any CPU.Build.0 = Release|Any CPU
		{B8B90E7C-ABB5-5271-0E3A-744A500E850E}.Debug|Any CPU.ActiveCfg = Debug|Any CPU
		{B8B90E7C-ABB5-5271-0E3A-744A500E850E}.Debug|Any CPU.Build.0 = Debug|Any CPU
		{B8B90E7C-ABB5-5271-0E3A-744A500E850E}.Release|Any CPU.ActiveCfg = Release|Any CPU
		{B8B90E7C-ABB5-5271-0E3A-744A500E850E}.Release|Any CPU.Build.0 = Release|Any CPU
		{3C36BA88-6401-CB6C-8707-5C8AC392F260}.Debug|Any CPU.ActiveCfg = Debug|Any CPU
		{3C36BA88-6401-CB6C-8707-5C8AC392F260}.Debug|Any CPU.Build.0 = Debug|Any CPU
		{3C36BA88-6401-CB6C-8707-5C8AC392F260}.Release|Any CPU.ActiveCfg = Release|Any CPU
		{3C36BA88-6401-CB6C-8707-5C8AC392F260}.Release|Any CPU.Build.0 = Release|Any CPU
		{B794F4CF-7346-12F1-A897-C1CAA4BA5EC2}.Debug|Any CPU.ActiveCfg = Debug|Any CPU
		{B794F4CF-7346-12F1-A897-C1CAA4BA5EC2}.Debug|Any CPU.Build.0 = Debug|Any CPU
		{B794F4CF-7346-12F1-A897-C1CAA4BA5EC2}.Release|Any CPU.ActiveCfg = Release|Any CPU
		{B794F4CF-7346-12F1-A897-C1CAA4BA5EC2}.Release|Any CPU.Build.0 = Release|Any CPU
		{452E32C7-3CF3-9430-58B5-0C15E8A7FEEC}.Debug|Any CPU.ActiveCfg = Debug|Any CPU
		{452E32C7-3CF3-9430-58B5-0C15E8A7FEEC}.Debug|Any CPU.Build.0 = Debug|Any CPU
		{452E32C7-3CF3-9430-58B5-0C15E8A7FEEC}.Release|Any CPU.ActiveCfg = Release|Any CPU
		{452E32C7-3CF3-9430-58B5-0C15E8A7FEEC}.Release|Any CPU.Build.0 = Release|Any CPU
		{000C6952-745D-0CD6-84A9-11E00E6C685E}.Debug|Any CPU.ActiveCfg = Debug|Any CPU
		{000C6952-745D-0CD6-84A9-11E00E6C685E}.Debug|Any CPU.Build.0 = Debug|Any CPU
		{000C6952-745D-0CD6-84A9-11E00E6C685E}.Release|Any CPU.ActiveCfg = Release|Any CPU
		{000C6952-745D-0CD6-84A9-11E00E6C685E}.Release|Any CPU.Build.0 = Release|Any CPU
		{60E0FFAE-8AA1-F350-39E3-A0F7D035A76E}.Debug|Any CPU.ActiveCfg = Debug|Any CPU
		{60E0FFAE-8AA1-F350-39E3-A0F7D035A76E}.Debug|Any CPU.Build.0 = Debug|Any CPU
		{60E0FFAE-8AA1-F350-39E3-A0F7D035A76E}.Release|Any CPU.ActiveCfg = Release|Any CPU
		{60E0FFAE-8AA1-F350-39E3-A0F7D035A76E}.Release|Any CPU.Build.0 = Release|Any CPU
		{1B1B30C7-E30E-7361-CD75-F5A365BAE688}.Debug|Any CPU.ActiveCfg = Debug|Any CPU
		{1B1B30C7-E30E-7361-CD75-F5A365BAE688}.Debug|Any CPU.Build.0 = Debug|Any CPU
		{1B1B30C7-E30E-7361-CD75-F5A365BAE688}.Release|Any CPU.ActiveCfg = Release|Any CPU
		{1B1B30C7-E30E-7361-CD75-F5A365BAE688}.Release|Any CPU.Build.0 = Release|Any CPU
		{F4DA1855-D86A-E249-BDF7-ACC666344822}.Debug|Any CPU.ActiveCfg = Debug|Any CPU
		{F4DA1855-D86A-E249-BDF7-ACC666344822}.Debug|Any CPU.Build.0 = Debug|Any CPU
		{F4DA1855-D86A-E249-BDF7-ACC666344822}.Release|Any CPU.ActiveCfg = Release|Any CPU
		{F4DA1855-D86A-E249-BDF7-ACC666344822}.Release|Any CPU.Build.0 = Release|Any CPU
		{43C4D5E5-D061-564B-FEB3-A49FC825D214}.Debug|Any CPU.ActiveCfg = Debug|Any CPU
		{43C4D5E5-D061-564B-FEB3-A49FC825D214}.Debug|Any CPU.Build.0 = Debug|Any CPU
		{43C4D5E5-D061-564B-FEB3-A49FC825D214}.Release|Any CPU.ActiveCfg = Release|Any CPU
		{43C4D5E5-D061-564B-FEB3-A49FC825D214}.Release|Any CPU.Build.0 = Release|Any CPU
		{251A10AD-8310-9856-DA60-C6494002E52A}.Debug|Any CPU.ActiveCfg = Debug|Any CPU
		{251A10AD-8310-9856-DA60-C6494002E52A}.Debug|Any CPU.Build.0 = Debug|Any CPU
		{251A10AD-8310-9856-DA60-C6494002E52A}.Release|Any CPU.ActiveCfg = Release|Any CPU
		{251A10AD-8310-9856-DA60-C6494002E52A}.Release|Any CPU.Build.0 = Release|Any CPU
	EndGlobalSection
	GlobalSection(SolutionProperties) = preSolution
		HideSolutionNode = FALSE
	EndGlobalSection
	GlobalSection(NestedProjects) = preSolution
		{D788E9A5-5985-A04D-A335-DAD6AEE8AB1D} = {56B55643-B6E4-A72D-243E-8B1D5E0D1069}
		{50E94649-C0B5-3110-092D-CAA5454B0A11} = {56B55643-B6E4-A72D-243E-8B1D5E0D1069}
		{02F5C4C3-98DF-B793-A976-60B1B92984BB} = {56B55643-B6E4-A72D-243E-8B1D5E0D1069}
		{96C40D0C-2245-F866-3915-7096458ADAFA} = {02F5C4C3-98DF-B793-A976-60B1B92984BB}
		{096E8AEA-8BA0-B252-A134-E5073666B38A} = {56B55643-B6E4-A72D-243E-8B1D5E0D1069}
		{6CAD7087-BB0A-E8A9-C5B0-B6D9064CB5EE} = {096E8AEA-8BA0-B252-A134-E5073666B38A}
		{3134DBD5-267A-C5B7-CA80-10E64E7458F1} = {56B55643-B6E4-A72D-243E-8B1D5E0D1069}
		{B8B90E7C-ABB5-5271-0E3A-744A500E850E} = {56B55643-B6E4-A72D-243E-8B1D5E0D1069}
		{3C36BA88-6401-CB6C-8707-5C8AC392F260} = {56B55643-B6E4-A72D-243E-8B1D5E0D1069}
		{B794F4CF-7346-12F1-A897-C1CAA4BA5EC2} = {56B55643-B6E4-A72D-243E-8B1D5E0D1069}
		{452E32C7-3CF3-9430-58B5-0C15E8A7FEEC} = {56B55643-B6E4-A72D-243E-8B1D5E0D1069}
		{000C6952-745D-0CD6-84A9-11E00E6C685E} = {56B55643-B6E4-A72D-243E-8B1D5E0D1069}
		{60E0FFAE-8AA1-F350-39E3-A0F7D035A76E} = {56B55643-B6E4-A72D-243E-8B1D5E0D1069}
		{1B1B30C7-E30E-7361-CD75-F5A365BAE688} = {3FC7B3DE-AC79-0C46-74A2-925B1861CE23}
		{F4DA1855-D86A-E249-BDF7-ACC666344822} = {3FC7B3DE-AC79-0C46-74A2-925B1861CE23}
		{43C4D5E5-D061-564B-FEB3-A49FC825D214} = {3FC7B3DE-AC79-0C46-74A2-925B1861CE23}
		{251A10AD-8310-9856-DA60-C6494002E52A} = {3FC7B3DE-AC79-0C46-74A2-925B1861CE23}
	EndGlobalSection
	GlobalSection(ExtensibilityGlobals) = postSolution
		SolutionGuid = {7823F4B1-97CA-4DCE-91A8-62CF1D8756BA}
	EndGlobalSection
EndGlobal
